
Microsoft Visual Studio Solution File, Format Version 12.00
# Visual Studio Version 17
VisualStudioVersion = 17.6.33723.286
MinimumVisualStudioVersion = 10.0.40219.1
Project("{2150E333-8FDC-42A3-9474-1A3956D46DE8}") = "Solution Items", "Solution Items", "{67B1F4C8-5C0A-43FC-8C63-1CEA57876C38}"
	ProjectSection(SolutionItems) = preProject
		.editorconfig = .editorconfig
		docker-compose.develop.yml = docker-compose.develop.yml
		docker-compose.production.yml = docker-compose.production.yml
	EndProjectSection
EndProject
Project("{2150E333-8FDC-42A3-9474-1A3956D46DE8}") = "src", "src", "{1366F6BD-0107-407B-ADCE-8D176E2D41E3}"
EndProject
Project("{2150E333-8FDC-42A3-9474-1A3956D46DE8}") = "test", "test", "{3B15E549-960E-422E-B4BD-F0314471C61A}"
EndProject
Project("{9A19103F-16F7-4668-BE54-9A1E7A4F7556}") = "MeChat.API", "src\MeChat.API\MeChat.API.csproj", "{28C90CA2-A32C-406D-A415-7A94BAE1D6FB}"
EndProject
Project("{9A19103F-16F7-4668-BE54-9A1E7A4F7556}") = "MeChat.Application", "src\MeChat.Application\MeChat.Application.csproj", "{EE100AF5-7B29-436A-B2E5-2EAE2044FDE6}"
EndProject
Project("{9A19103F-16F7-4668-BE54-9A1E7A4F7556}") = "MeChat.Common", "src\MeChat.Common\MeChat.Common.csproj", "{3E6260F4-6DCC-4D23-A4D6-7141D0B270C6}"
EndProject
Project("{9A19103F-16F7-4668-BE54-9A1E7A4F7556}") = "MeChat.Domain", "src\MeChat.Domain\MeChat.Domain.csproj", "{613373A1-62D6-4F81-9E5F-2527548A2092}"
EndProject
Project("{9A19103F-16F7-4668-BE54-9A1E7A4F7556}") = "MeChat.Architecture.Tests", "test\MeChat.Architecture.Tests\MeChat.Architecture.Tests.csproj", "{FC1337F3-3EAE-4490-A880-7745E22D0E14}"
EndProject
Project("{9A19103F-16F7-4668-BE54-9A1E7A4F7556}") = "MeChat.Infrastructure.Data.Dapper", "src\MeChat.Infrastructure.Data.Dapper\MeChat.Infrastructure.Data.Dapper.csproj", "{09956DE8-8F6D-4279-9975-212FD3DD356C}"
EndProject
Project("{9A19103F-16F7-4668-BE54-9A1E7A4F7556}") = "MeChat.Infrastructure.DistributedCache", "src\MeChat.Infrastructure.DistributedCache\MeChat.Infrastructure.DistributedCache.csproj", "{3DC94EBF-8031-41E1-BB19-FE2C6CF5C0FE}"
EndProject
Project("{9A19103F-16F7-4668-BE54-9A1E7A4F7556}") = "MeChat.Infrastructure.MessageBroker.Consumer", "src\MeChat.Infrastructure.MessageBroker.Consumer\MeChat.Infrastructure.MessageBroker.Consumer.csproj", "{4F98C8BE-D473-4F05-8E06-41B803C99948}"
EndProject
Project("{9A19103F-16F7-4668-BE54-9A1E7A4F7556}") = "MeChat.Infrastructure.MessageBroker.Producer", "src\MeChat.Infrastructure.MessageBroker.Producer\MeChat.Infrastructure.MessageBroker.Producer.csproj", "{32AFD835-1C1D-4CE0-85C9-AAD55CD5C4AF}"
EndProject
Project("{9A19103F-16F7-4668-BE54-9A1E7A4F7556}") = "MeChat.Infrastructure.RealTime", "src\MeChat.Infrastructure.RealTime\MeChat.Infrastructure.RealTime.csproj", "{050FC2E7-4E75-4F77-BC97-90DF101D7E6E}"
EndProject
Project("{9A19103F-16F7-4668-BE54-9A1E7A4F7556}") = "MeChat.Infrastructure.Service", "src\MeChat.Infrastructure.Service\MeChat.Infrastructure.Service.csproj", "{EDA9B25E-B1AD-499C-B8A6-7EC68E4B648C}"
EndProject
Project("{9A19103F-16F7-4668-BE54-9A1E7A4F7556}") = "MeChat.Infrastructure.Storage", "src\MeChat.Infrastructure.Storage\MeChat.Infrastructure.Storage.csproj", "{D0A6FD5E-0A4C-4070-9077-6848B12BE0D8}"
EndProject
Project("{FAE04EC0-301F-11D3-BF4B-00C04F79EFBC}") = "MeChat.Infrastructure.Persistence", "src\MeChat.Infrastructure.Persistence\MeChat.Infrastructure.Persistence.csproj", "{964EDFC3-D344-4334-FB4C-674D4F5288CD}"
EndProject
Project("{FAE04EC0-301F-11D3-BF4B-00C04F79EFBC}") = "MeChat.Presentation", "src\MeChat.Presentation\MeChat.Presentation.csproj", "{858ADBDC-C7DA-FFFD-0B5A-7D70B2037081}"
EndProject
Global
	GlobalSection(SolutionConfigurationPlatforms) = preSolution
		Debug|Any CPU = Debug|Any CPU
		Release|Any CPU = Release|Any CPU
	EndGlobalSection
	GlobalSection(ProjectConfigurationPlatforms) = postSolution
		{28C90CA2-A32C-406D-A415-7A94BAE1D6FB}.Debug|Any CPU.ActiveCfg = Debug|Any CPU
		{28C90CA2-A32C-406D-A415-7A94BAE1D6FB}.Debug|Any CPU.Build.0 = Debug|Any CPU
		{28C90CA2-A32C-406D-A415-7A94BAE1D6FB}.Release|Any CPU.ActiveCfg = Release|Any CPU
		{28C90CA2-A32C-406D-A415-7A94BAE1D6FB}.Release|Any CPU.Build.0 = Release|Any CPU
		{EE100AF5-7B29-436A-B2E5-2EAE2044FDE6}.Debug|Any CPU.ActiveCfg = Debug|Any CPU
		{EE100AF5-7B29-436A-B2E5-2EAE2044FDE6}.Debug|Any CPU.Build.0 = Debug|Any CPU
		{EE100AF5-7B29-436A-B2E5-2EAE2044FDE6}.Release|Any CPU.ActiveCfg = Release|Any CPU
		{EE100AF5-7B29-436A-B2E5-2EAE2044FDE6}.Release|Any CPU.Build.0 = Release|Any CPU
		{3E6260F4-6DCC-4D23-A4D6-7141D0B270C6}.Debug|Any CPU.ActiveCfg = Debug|Any CPU
		{3E6260F4-6DCC-4D23-A4D6-7141D0B270C6}.Debug|Any CPU.Build.0 = Debug|Any CPU
		{3E6260F4-6DCC-4D23-A4D6-7141D0B270C6}.Release|Any CPU.ActiveCfg = Release|Any CPU
		{3E6260F4-6DCC-4D23-A4D6-7141D0B270C6}.Release|Any CPU.Build.0 = Release|Any CPU
		{613373A1-62D6-4F81-9E5F-2527548A2092}.Debug|Any CPU.ActiveCfg = Debug|Any CPU
		{613373A1-62D6-4F81-9E5F-2527548A2092}.Debug|Any CPU.Build.0 = Debug|Any CPU
		{613373A1-62D6-4F81-9E5F-2527548A2092}.Release|Any CPU.ActiveCfg = Release|Any CPU
		{613373A1-62D6-4F81-9E5F-2527548A2092}.Release|Any CPU.Build.0 = Release|Any CPU
		{FC1337F3-3EAE-4490-A880-7745E22D0E14}.Debug|Any CPU.ActiveCfg = Debug|Any CPU
		{FC1337F3-3EAE-4490-A880-7745E22D0E14}.Debug|Any CPU.Build.0 = Debug|Any CPU
		{FC1337F3-3EAE-4490-A880-7745E22D0E14}.Release|Any CPU.ActiveCfg = Release|Any CPU
		{FC1337F3-3EAE-4490-A880-7745E22D0E14}.Release|Any CPU.Build.0 = Release|Any CPU
		{09956DE8-8F6D-4279-9975-212FD3DD356C}.Debug|Any CPU.ActiveCfg = Debug|Any CPU
		{09956DE8-8F6D-4279-9975-212FD3DD356C}.Debug|Any CPU.Build.0 = Debug|Any CPU
		{09956DE8-8F6D-4279-9975-212FD3DD356C}.Release|Any CPU.ActiveCfg = Release|Any CPU
		{09956DE8-8F6D-4279-9975-212FD3DD356C}.Release|Any CPU.Build.0 = Release|Any CPU
		{3DC94EBF-8031-41E1-BB19-FE2C6CF5C0FE}.Debug|Any CPU.ActiveCfg = Debug|Any CPU
		{3DC94EBF-8031-41E1-BB19-FE2C6CF5C0FE}.Debug|Any CPU.Build.0 = Debug|Any CPU
		{3DC94EBF-8031-41E1-BB19-FE2C6CF5C0FE}.Release|Any CPU.ActiveCfg = Release|Any CPU
		{3DC94EBF-8031-41E1-BB19-FE2C6CF5C0FE}.Release|Any CPU.Build.0 = Release|Any CPU
		{4F98C8BE-D473-4F05-8E06-41B803C99948}.Debug|Any CPU.ActiveCfg = Debug|Any CPU
		{4F98C8BE-D473-4F05-8E06-41B803C99948}.Debug|Any CPU.Build.0 = Debug|Any CPU
		{4F98C8BE-D473-4F05-8E06-41B803C99948}.Release|Any CPU.ActiveCfg = Release|Any CPU
		{4F98C8BE-D473-4F05-8E06-41B803C99948}.Release|Any CPU.Build.0 = Release|Any CPU
		{32AFD835-1C1D-4CE0-85C9-AAD55CD5C4AF}.Debug|Any CPU.ActiveCfg = Debug|Any CPU
		{32AFD835-1C1D-4CE0-85C9-AAD55CD5C4AF}.Debug|Any CPU.Build.0 = Debug|Any CPU
		{32AFD835-1C1D-4CE0-85C9-AAD55CD5C4AF}.Release|Any CPU.ActiveCfg = Release|Any CPU
		{32AFD835-1C1D-4CE0-85C9-AAD55CD5C4AF}.Release|Any CPU.Build.0 = Release|Any CPU
		{050FC2E7-4E75-4F77-BC97-90DF101D7E6E}.Debug|Any CPU.ActiveCfg = Debug|Any CPU
		{050FC2E7-4E75-4F77-BC97-90DF101D7E6E}.Debug|Any CPU.Build.0 = Debug|Any CPU
		{050FC2E7-4E75-4F77-BC97-90DF101D7E6E}.Release|Any CPU.ActiveCfg = Release|Any CPU
		{050FC2E7-4E75-4F77-BC97-90DF101D7E6E}.Release|Any CPU.Build.0 = Release|Any CPU
		{EDA9B25E-B1AD-499C-B8A6-7EC68E4B648C}.Debug|Any CPU.ActiveCfg = Debug|Any CPU
		{EDA9B25E-B1AD-499C-B8A6-7EC68E4B648C}.Debug|Any CPU.Build.0 = Debug|Any CPU
		{EDA9B25E-B1AD-499C-B8A6-7EC68E4B648C}.Release|Any CPU.ActiveCfg = Release|Any CPU
		{EDA9B25E-B1AD-499C-B8A6-7EC68E4B648C}.Release|Any CPU.Build.0 = Release|Any CPU
		{D0A6FD5E-0A4C-4070-9077-6848B12BE0D8}.Debug|Any CPU.ActiveCfg = Debug|Any CPU
		{D0A6FD5E-0A4C-4070-9077-6848B12BE0D8}.Debug|Any CPU.Build.0 = Debug|Any CPU
		{D0A6FD5E-0A4C-4070-9077-6848B12BE0D8}.Release|Any CPU.ActiveCfg = Release|Any CPU
		{D0A6FD5E-0A4C-4070-9077-6848B12BE0D8}.Release|Any CPU.Build.0 = Release|Any CPU
		{964EDFC3-D344-4334-FB4C-674D4F5288CD}.Debug|Any CPU.ActiveCfg = Debug|Any CPU
		{964EDFC3-D344-4334-FB4C-674D4F5288CD}.Debug|Any CPU.Build.0 = Debug|Any CPU
		{964EDFC3-D344-4334-FB4C-674D4F5288CD}.Release|Any CPU.ActiveCfg = Release|Any CPU
		{964EDFC3-D344-4334-FB4C-674D4F5288CD}.Release|Any CPU.Build.0 = Release|Any CPU
		{858ADBDC-C7DA-FFFD-0B5A-7D70B2037081}.Debug|Any CPU.ActiveCfg = Debug|Any CPU
		{858ADBDC-C7DA-FFFD-0B5A-7D70B2037081}.Debug|Any CPU.Build.0 = Debug|Any CPU
		{858ADBDC-C7DA-FFFD-0B5A-7D70B2037081}.Release|Any CPU.ActiveCfg = Release|Any CPU
		{858ADBDC-C7DA-FFFD-0B5A-7D70B2037081}.Release|Any CPU.Build.0 = Release|Any CPU
	EndGlobalSection
	GlobalSection(SolutionProperties) = preSolution
		HideSolutionNode = FALSE
	EndGlobalSection
	GlobalSection(NestedProjects) = preSolution
		{28C90CA2-A32C-406D-A415-7A94BAE1D6FB} = {1366F6BD-0107-407B-ADCE-8D176E2D41E3}
		{EE100AF5-7B29-436A-B2E5-2EAE2044FDE6} = {1366F6BD-0107-407B-ADCE-8D176E2D41E3}
		{3E6260F4-6DCC-4D23-A4D6-7141D0B270C6} = {1366F6BD-0107-407B-ADCE-8D176E2D41E3}
		{613373A1-62D6-4F81-9E5F-2527548A2092} = {1366F6BD-0107-407B-ADCE-8D176E2D41E3}
		{FC1337F3-3EAE-4490-A880-7745E22D0E14} = {3B15E549-960E-422E-B4BD-F0314471C61A}
		{09956DE8-8F6D-4279-9975-212FD3DD356C} = {1366F6BD-0107-407B-ADCE-8D176E2D41E3}
		{3DC94EBF-8031-41E1-BB19-FE2C6CF5C0FE} = {1366F6BD-0107-407B-ADCE-8D176E2D41E3}
		{4F98C8BE-D473-4F05-8E06-41B803C99948} = {1366F6BD-0107-407B-ADCE-8D176E2D41E3}
		{32AFD835-1C1D-4CE0-85C9-AAD55CD5C4AF} = {1366F6BD-0107-407B-ADCE-8D176E2D41E3}
		{050FC2E7-4E75-4F77-BC97-90DF101D7E6E} = {1366F6BD-0107-407B-ADCE-8D176E2D41E3}
		{EDA9B25E-B1AD-499C-B8A6-7EC68E4B648C} = {1366F6BD-0107-407B-ADCE-8D176E2D41E3}
		{D0A6FD5E-0A4C-4070-9077-6848B12BE0D8} = {1366F6BD-0107-407B-ADCE-8D176E2D41E3}
		{964EDFC3-D344-4334-FB4C-674D4F5288CD} = {1366F6BD-0107-407B-ADCE-8D176E2D41E3}
		{858ADBDC-C7DA-FFFD-0B5A-7D70B2037081} = {1366F6BD-0107-407B-ADCE-8D176E2D41E3}
	EndGlobalSection
	GlobalSection(ExtensibilityGlobals) = postSolution
		SolutionGuid = {AB641A2F-8F72-43FE-9A01-864452A31FB7}
	EndGlobalSection
EndGlobal
